{
  "pins" : [
    {
      "identity" : "xhbcommonswiftlib",
      "kind" : "remoteSourceControl",
      "location" : "git@github.com:XHB-Swift/XHBCommonSwiftLib.git",
      "state" : {
        "revision" : "6c7bded96ebda50f336682fcd39fd724b005f802",
        "version" : "1.0.11"
      }
    }
  ],
  "version" : 2
}
