// !$*UTF8*$!
{
	archiveVersion = 1;
	classes = {
	};
	objectVersion = 50;
	objects = {

/* Begin PBXBuildFile section */
		4294C30226E07FCF00F2D97D /* MainEntranceViewController.swift in Sources */ = {isa = PBXBuildFile; fileRef = 4294C30126E07FCF00F2D97D /* MainEntranceViewController.swift */; };
		4294C30426E0806500F2D97D /* CustomTransitionDemoViewController.swift in Sources */ = {isa = PBXBuildFile; fileRef = 4294C30326E0806500F2D97D /* CustomTransitionDemoViewController.swift */; };
		4294C30626E0AAEA00F2D97D /* scene-speach.png in Resources */ = {isa = PBXBuildFile; fileRef = 4294C30526E0AAEA00F2D97D /* scene-speach.png */; };
		4294C30926E1D3B200F2D97D /* ContentBrowserView.swift in Sources */ = {isa = PBXBuildFile; fileRef = 4294C30826E1D3B200F2D97D /* ContentBrowserView.swift */; };
		4294C30C26E5AD6900F2D97D /* UIImageViewWebCache.swift in Sources */ = {isa = PBXBuildFile; fileRef = 4294C30B26E5AD6900F2D97D /* UIImageViewWebCache.swift */; };
		4294C30E26E5EB7100F2D97D /* ImageWebCacheDemoViewController.swift in Sources */ = {isa = PBXBuildFile; fileRef = 4294C30D26E5EB7100F2D97D /* ImageWebCacheDemoViewController.swift */; };
		4294C31026E6469C00F2D97D /* ContentBrowserDemoViewController.swift in Sources */ = {isa = PBXBuildFile; fileRef = 4294C30F26E6469C00F2D97D /* ContentBrowserDemoViewController.swift */; };
		429BB2E426E8BAC300D3667C /* Theme.swift in Sources */ = {isa = PBXBuildFile; fileRef = 429BB2E326E8BAC300D3667C /* Theme.swift */; };
		429BB2E626E9FC6F00D3667C /* ThemeSwitchDemoViewController.swift in Sources */ = {isa = PBXBuildFile; fileRef = 429BB2E526E9FC6F00D3667C /* ThemeSwitchDemoViewController.swift */; };
		42A15D6D26EF255C009E51FA /* NSObject+XHBExtension.m in Sources */ = {isa = PBXBuildFile; fileRef = 42A15D6C26EF255C009E51FA /* NSObject+XHBExtension.m */; };
		42A15D7126EF82A6009E51FA /* XHBCustomTransitioning.m in Sources */ = {isa = PBXBuildFile; fileRef = 42A15D7026EF82A6009E51FA /* XHBCustomTransitioning.m */; };
		42A15D7426F09A7D009E51FA /* XHBCustomModalDirectionTransitioningConfiguration.m in Sources */ = {isa = PBXBuildFile; fileRef = 42A15D7326F09A7D009E51FA /* XHBCustomModalDirectionTransitioningConfiguration.m */; };
		C6368BC226D01E0A0099A7D3 /* UIView+XHBBoxing.m in Sources */ = {isa = PBXBuildFile; fileRef = C6368BC126D01E0A0099A7D3 /* UIView+XHBBoxing.m */; };
		C6368BC526D01EDE0099A7D3 /* UIColor+XHBColor.m in Sources */ = {isa = PBXBuildFile; fileRef = C6368BC426D01EDE0099A7D3 /* UIColor+XHBColor.m */; };
		C6368BC826D01F550099A7D3 /* UIImage+XHBImage.m in Sources */ = {isa = PBXBuildFile; fileRef = C6368BC726D01F550099A7D3 /* UIImage+XHBImage.m */; };
		C6368BCB26D020C50099A7D3 /* UIResponder+XHBRepsonder.m in Sources */ = {isa = PBXBuildFile; fileRef = C6368BCA26D020C50099A7D3 /* UIResponder+XHBRepsonder.m */; };
		C6368BCF26D022990099A7D3 /* UIView+XHBFitSize.m in Sources */ = {isa = PBXBuildFile; fileRef = C6368BCE26D022990099A7D3 /* UIView+XHBFitSize.m */; };
		C6368BD326D028B20099A7D3 /* UIView+XHBTheme.m in Sources */ = {isa = PBXBuildFile; fileRef = C6368BD226D028B20099A7D3 /* UIView+XHBTheme.m */; };
		C6368BD926D0298B0099A7D3 /* XHBThemeManager.m in Sources */ = {isa = PBXBuildFile; fileRef = C6368BD826D0298B0099A7D3 /* XHBThemeManager.m */; };
		C6368BE526D6B0410099A7D3 /* AppDelegate.swift in Sources */ = {isa = PBXBuildFile; fileRef = C6368BE426D6B0410099A7D3 /* AppDelegate.swift */; };
		C6368BEE26D6B0440099A7D3 /* Assets.xcassets in Resources */ = {isa = PBXBuildFile; fileRef = C6368BED26D6B0440099A7D3 /* Assets.xcassets */; };
		C6368BF126D6B0440099A7D3 /* LaunchScreen.storyboard in Resources */ = {isa = PBXBuildFile; fileRef = C6368BEF26D6B0440099A7D3 /* LaunchScreen.storyboard */; };
		C6368BF826D6B0740099A7D3 /* XHBUIExtension.swift in Sources */ = {isa = PBXBuildFile; fileRef = C6368BF726D6B0740099A7D3 /* XHBUIExtension.swift */; };
		C6368BFB26D6B5940099A7D3 /* XHBFoundationExtension.swift in Sources */ = {isa = PBXBuildFile; fileRef = C6368BFA26D6B5940099A7D3 /* XHBFoundationExtension.swift */; };
		C6368BFE26DA7FF00099A7D3 /* UIViewControllerCustomTransition.swift in Sources */ = {isa = PBXBuildFile; fileRef = C6368BFD26DA7FF00099A7D3 /* UIViewControllerCustomTransition.swift */; };
		C6368C0126DA86950099A7D3 /* XHBDirectionTransition.swift in Sources */ = {isa = PBXBuildFile; fileRef = C6368C0026DA86950099A7D3 /* XHBDirectionTransition.swift */; };
		C651AD8B24485767004E76A8 /* AppDelegate.m in Sources */ = {isa = PBXBuildFile; fileRef = C651AD8A24485767004E76A8 /* AppDelegate.m */; };
		C651AD9124485767004E76A8 /* ViewController.m in Sources */ = {isa = PBXBuildFile; fileRef = C651AD9024485767004E76A8 /* ViewController.m */; };
		C651AD9424485767004E76A8 /* Main.storyboard in Resources */ = {isa = PBXBuildFile; fileRef = C651AD9224485767004E76A8 /* Main.storyboard */; };
		C651AD962448576A004E76A8 /* Assets.xcassets in Resources */ = {isa = PBXBuildFile; fileRef = C651AD952448576A004E76A8 /* Assets.xcassets */; };
		C651AD992448576A004E76A8 /* LaunchScreen.storyboard in Resources */ = {isa = PBXBuildFile; fileRef = C651AD972448576A004E76A8 /* LaunchScreen.storyboard */; };
		C651AD9C2448576A004E76A8 /* main.m in Sources */ = {isa = PBXBuildFile; fileRef = C651AD9B2448576A004E76A8 /* main.m */; };
		C6A5D8A426EBC36F00420BC1 /* XHBThemeAttribute.m in Sources */ = {isa = PBXBuildFile; fileRef = C6A5D8A326EBC36F00420BC1 /* XHBThemeAttribute.m */; };
/* End PBXBuildFile section */

/* Begin PBXFileReference section */
		4294C30126E07FCF00F2D97D /* MainEntranceViewController.swift */ = {isa = PBXFileReference; lastKnownFileType = sourcecode.swift; path = MainEntranceViewController.swift; sourceTree = "<group>"; };
		4294C30326E0806500F2D97D /* CustomTransitionDemoViewController.swift */ = {isa = PBXFileReference; lastKnownFileType = sourcecode.swift; path = CustomTransitionDemoViewController.swift; sourceTree = "<group>"; };
		4294C30526E0AAEA00F2D97D /* scene-speach.png */ = {isa = PBXFileReference; lastKnownFileType = image.png; path = "scene-speach.png"; sourceTree = "<group>"; };
		4294C30826E1D3B200F2D97D /* ContentBrowserView.swift */ = {isa = PBXFileReference; lastKnownFileType = sourcecode.swift; path = ContentBrowserView.swift; sourceTree = "<group>"; };
		4294C30B26E5AD6900F2D97D /* UIImageViewWebCache.swift */ = {isa = PBXFileReference; lastKnownFileType = sourcecode.swift; path = UIImageViewWebCache.swift; sourceTree = "<group>"; };
		4294C30D26E5EB7100F2D97D /* ImageWebCacheDemoViewController.swift */ = {isa = PBXFileReference; lastKnownFileType = sourcecode.swift; path = ImageWebCacheDemoViewController.swift; sourceTree = "<group>"; };
		4294C30F26E6469C00F2D97D /* ContentBrowserDemoViewController.swift */ = {isa = PBXFileReference; lastKnownFileType = sourcecode.swift; path = ContentBrowserDemoViewController.swift; sourceTree = "<group>"; };
		429BB2E326E8BAC300D3667C /* Theme.swift */ = {isa = PBXFileReference; lastKnownFileType = sourcecode.swift; path = Theme.swift; sourceTree = "<group>"; };
		429BB2E526E9FC6F00D3667C /* ThemeSwitchDemoViewController.swift */ = {isa = PBXFileReference; lastKnownFileType = sourcecode.swift; path = ThemeSwitchDemoViewController.swift; sourceTree = "<group>"; };
		42A15D6B26EF255C009E51FA /* NSObject+XHBExtension.h */ = {isa = PBXFileReference; lastKnownFileType = sourcecode.c.h; path = "NSObject+XHBExtension.h"; sourceTree = "<group>"; };
		42A15D6C26EF255C009E51FA /* NSObject+XHBExtension.m */ = {isa = PBXFileReference; lastKnownFileType = sourcecode.c.objc; path = "NSObject+XHBExtension.m"; sourceTree = "<group>"; };
		42A15D6F26EF82A6009E51FA /* XHBCustomTransitioning.h */ = {isa = PBXFileReference; lastKnownFileType = sourcecode.c.h; path = XHBCustomTransitioning.h; sourceTree = "<group>"; };
		42A15D7026EF82A6009E51FA /* XHBCustomTransitioning.m */ = {isa = PBXFileReference; lastKnownFileType = sourcecode.c.objc; path = XHBCustomTransitioning.m; sourceTree = "<group>"; };
		42A15D7226F09A7D009E51FA /* XHBCustomModalDirectionTransitioningConfiguration.h */ = {isa = PBXFileReference; lastKnownFileType = sourcecode.c.h; path = XHBCustomModalDirectionTransitioningConfiguration.h; sourceTree = "<group>"; };
		42A15D7326F09A7D009E51FA /* XHBCustomModalDirectionTransitioningConfiguration.m */ = {isa = PBXFileReference; lastKnownFileType = sourcecode.c.objc; path = XHBCustomModalDirectionTransitioningConfiguration.m; sourceTree = "<group>"; };
		C6368BC026D01E0A0099A7D3 /* UIView+XHBBoxing.h */ = {isa = PBXFileReference; lastKnownFileType = sourcecode.c.h; path = "UIView+XHBBoxing.h"; sourceTree = "<group>"; };
		C6368BC126D01E0A0099A7D3 /* UIView+XHBBoxing.m */ = {isa = PBXFileReference; lastKnownFileType = sourcecode.c.objc; path = "UIView+XHBBoxing.m"; sourceTree = "<group>"; };
		C6368BC326D01EDE0099A7D3 /* UIColor+XHBColor.h */ = {isa = PBXFileReference; lastKnownFileType = sourcecode.c.h; path = "UIColor+XHBColor.h"; sourceTree = "<group>"; };
		C6368BC426D01EDE0099A7D3 /* UIColor+XHBColor.m */ = {isa = PBXFileReference; lastKnownFileType = sourcecode.c.objc; path = "UIColor+XHBColor.m"; sourceTree = "<group>"; };
		C6368BC626D01F550099A7D3 /* UIImage+XHBImage.h */ = {isa = PBXFileReference; lastKnownFileType = sourcecode.c.h; path = "UIImage+XHBImage.h"; sourceTree = "<group>"; };
		C6368BC726D01F550099A7D3 /* UIImage+XHBImage.m */ = {isa = PBXFileReference; lastKnownFileType = sourcecode.c.objc; path = "UIImage+XHBImage.m"; sourceTree = "<group>"; };
		C6368BC926D020C50099A7D3 /* UIResponder+XHBRepsonder.h */ = {isa = PBXFileReference; lastKnownFileType = sourcecode.c.h; path = "UIResponder+XHBRepsonder.h"; sourceTree = "<group>"; };
		C6368BCA26D020C50099A7D3 /* UIResponder+XHBRepsonder.m */ = {isa = PBXFileReference; lastKnownFileType = sourcecode.c.objc; path = "UIResponder+XHBRepsonder.m"; sourceTree = "<group>"; };
		C6368BCC26D0219B0099A7D3 /* XHBUIKitHeaders.h */ = {isa = PBXFileReference; lastKnownFileType = sourcecode.c.h; path = XHBUIKitHeaders.h; sourceTree = "<group>"; };
		C6368BCD26D022990099A7D3 /* UIView+XHBFitSize.h */ = {isa = PBXFileReference; lastKnownFileType = sourcecode.c.h; path = "UIView+XHBFitSize.h"; sourceTree = "<group>"; };
		C6368BCE26D022990099A7D3 /* UIView+XHBFitSize.m */ = {isa = PBXFileReference; lastKnownFileType = sourcecode.c.objc; path = "UIView+XHBFitSize.m"; sourceTree = "<group>"; };
		C6368BD126D028B20099A7D3 /* UIView+XHBTheme.h */ = {isa = PBXFileReference; lastKnownFileType = sourcecode.c.h; path = "UIView+XHBTheme.h"; sourceTree = "<group>"; };
		C6368BD226D028B20099A7D3 /* UIView+XHBTheme.m */ = {isa = PBXFileReference; lastKnownFileType = sourcecode.c.objc; path = "UIView+XHBTheme.m"; sourceTree = "<group>"; };
		C6368BD726D0298B0099A7D3 /* XHBThemeManager.h */ = {isa = PBXFileReference; lastKnownFileType = sourcecode.c.h; path = XHBThemeManager.h; sourceTree = "<group>"; };
		C6368BD826D0298B0099A7D3 /* XHBThemeManager.m */ = {isa = PBXFileReference; lastKnownFileType = sourcecode.c.objc; path = XHBThemeManager.m; sourceTree = "<group>"; };
		C6368BDD26D179E20099A7D3 /* XHBThemeHeaders.h */ = {isa = PBXFileReference; lastKnownFileType = sourcecode.c.h; path = XHBThemeHeaders.h; sourceTree = "<group>"; };
		C6368BE226D6B0410099A7D3 /* CodeRecord-Swift.app */ = {isa = PBXFileReference; explicitFileType = wrapper.application; includeInIndex = 0; path = "CodeRecord-Swift.app"; sourceTree = BUILT_PRODUCTS_DIR; };
		C6368BE426D6B0410099A7D3 /* AppDelegate.swift */ = {isa = PBXFileReference; lastKnownFileType = sourcecode.swift; path = AppDelegate.swift; sourceTree = "<group>"; };
		C6368BED26D6B0440099A7D3 /* Assets.xcassets */ = {isa = PBXFileReference; lastKnownFileType = folder.assetcatalog; path = Assets.xcassets; sourceTree = "<group>"; };
		C6368BF026D6B0440099A7D3 /* Base */ = {isa = PBXFileReference; lastKnownFileType = file.storyboard; name = Base; path = Base.lproj/LaunchScreen.storyboard; sourceTree = "<group>"; };
		C6368BF226D6B0440099A7D3 /* Info.plist */ = {isa = PBXFileReference; lastKnownFileType = text.plist.xml; path = Info.plist; sourceTree = "<group>"; };
		C6368BF726D6B0740099A7D3 /* XHBUIExtension.swift */ = {isa = PBXFileReference; lastKnownFileType = sourcecode.swift; path = XHBUIExtension.swift; sourceTree = "<group>"; };
		C6368BFA26D6B5940099A7D3 /* XHBFoundationExtension.swift */ = {isa = PBXFileReference; lastKnownFileType = sourcecode.swift; path = XHBFoundationExtension.swift; sourceTree = "<group>"; };
		C6368BFD26DA7FF00099A7D3 /* UIViewControllerCustomTransition.swift */ = {isa = PBXFileReference; lastKnownFileType = sourcecode.swift; path = UIViewControllerCustomTransition.swift; sourceTree = "<group>"; };
		C6368C0026DA86950099A7D3 /* XHBDirectionTransition.swift */ = {isa = PBXFileReference; lastKnownFileType = sourcecode.swift; path = XHBDirectionTransition.swift; sourceTree = "<group>"; };
		C651AD8624485767004E76A8 /* CodeRecord.app */ = {isa = PBXFileReference; explicitFileType = wrapper.application; includeInIndex = 0; path = CodeRecord.app; sourceTree = BUILT_PRODUCTS_DIR; };
		C651AD8924485767004E76A8 /* AppDelegate.h */ = {isa = PBXFileReference; lastKnownFileType = sourcecode.c.h; path = AppDelegate.h; sourceTree = "<group>"; };
		C651AD8A24485767004E76A8 /* AppDelegate.m */ = {isa = PBXFileReference; lastKnownFileType = sourcecode.c.objc; path = AppDelegate.m; sourceTree = "<group>"; };
		C651AD8F24485767004E76A8 /* ViewController.h */ = {isa = PBXFileReference; lastKnownFileType = sourcecode.c.h; path = ViewController.h; sourceTree = "<group>"; };
		C651AD9024485767004E76A8 /* ViewController.m */ = {isa = PBXFileReference; lastKnownFileType = sourcecode.c.objc; path = ViewController.m; sourceTree = "<group>"; };
		C651AD9324485767004E76A8 /* Base */ = {isa = PBXFileReference; lastKnownFileType = file.storyboard; name = Base; path = Base.lproj/Main.storyboard; sourceTree = "<group>"; };
		C651AD952448576A004E76A8 /* Assets.xcassets */ = {isa = PBXFileReference; lastKnownFileType = folder.assetcatalog; path = Assets.xcassets; sourceTree = "<group>"; };
		C651AD982448576A004E76A8 /* Base */ = {isa = PBXFileReference; lastKnownFileType = file.storyboard; name = Base; path = Base.lproj/LaunchScreen.storyboard; sourceTree = "<group>"; };
		C651AD9A2448576A004E76A8 /* Info.plist */ = {isa = PBXFileReference; lastKnownFileType = text.plist.xml; path = Info.plist; sourceTree = "<group>"; };
		C651AD9B2448576A004E76A8 /* main.m */ = {isa = PBXFileReference; lastKnownFileType = sourcecode.c.objc; path = main.m; sourceTree = "<group>"; };
		C6A5D8A226EBC36F00420BC1 /* XHBThemeAttribute.h */ = {isa = PBXFileReference; lastKnownFileType = sourcecode.c.h; path = XHBThemeAttribute.h; sourceTree = "<group>"; };
		C6A5D8A326EBC36F00420BC1 /* XHBThemeAttribute.m */ = {isa = PBXFileReference; lastKnownFileType = sourcecode.c.objc; path = XHBThemeAttribute.m; sourceTree = "<group>"; };
/* End PBXFileReference section */

/* Begin PBXFrameworksBuildPhase section */
		C6368BDF26D6B0410099A7D3 /* Frameworks */ = {
			isa = PBXFrameworksBuildPhase;
			buildActionMask = 2147483647;
			files = (
			);
			runOnlyForDeploymentPostprocessing = 0;
		};
		C651AD8324485767004E76A8 /* Frameworks */ = {
			isa = PBXFrameworksBuildPhase;
			buildActionMask = 2147483647;
			files = (
			);
			runOnlyForDeploymentPostprocessing = 0;
		};
/* End PBXFrameworksBuildPhase section */

/* Begin PBXGroup section */
		4294C30726E1D17200F2D97D /* ContentBrowser */ = {
			isa = PBXGroup;
			children = (
				4294C30826E1D3B200F2D97D /* ContentBrowserView.swift */,
			);
			path = ContentBrowser;
			sourceTree = "<group>";
		};
		4294C30A26E5AD3F00F2D97D /* WebCacheImage */ = {
			isa = PBXGroup;
			children = (
				4294C30B26E5AD6900F2D97D /* UIImageViewWebCache.swift */,
			);
			path = WebCacheImage;
			sourceTree = "<group>";
		};
		429BB2E226E8BAB200D3667C /* Theme */ = {
			isa = PBXGroup;
			children = (
				429BB2E326E8BAC300D3667C /* Theme.swift */,
			);
			path = Theme;
			sourceTree = "<group>";
		};
		42A15D6E26EF824D009E51FA /* CustomTransitioning */ = {
			isa = PBXGroup;
			children = (
				42A15D6F26EF82A6009E51FA /* XHBCustomTransitioning.h */,
				42A15D7026EF82A6009E51FA /* XHBCustomTransitioning.m */,
				42A15D7226F09A7D009E51FA /* XHBCustomModalDirectionTransitioningConfiguration.h */,
				42A15D7326F09A7D009E51FA /* XHBCustomModalDirectionTransitioningConfiguration.m */,
			);
			path = CustomTransitioning;
			sourceTree = "<group>";
		};
		C6368BD026D028A00099A7D3 /* Theme */ = {
			isa = PBXGroup;
			children = (
				C6368BD126D028B20099A7D3 /* UIView+XHBTheme.h */,
				C6368BD226D028B20099A7D3 /* UIView+XHBTheme.m */,
				C6368BD726D0298B0099A7D3 /* XHBThemeManager.h */,
				C6368BD826D0298B0099A7D3 /* XHBThemeManager.m */,
				C6368BDD26D179E20099A7D3 /* XHBThemeHeaders.h */,
				C6A5D8A226EBC36F00420BC1 /* XHBThemeAttribute.h */,
				C6A5D8A326EBC36F00420BC1 /* XHBThemeAttribute.m */,
			);
			path = Theme;
			sourceTree = "<group>";
		};
		C6368BE326D6B0410099A7D3 /* CodeRecord-Swift */ = {
			isa = PBXGroup;
			children = (
				4294C30526E0AAEA00F2D97D /* scene-speach.png */,
				C6368BF926D6B5770099A7D3 /* Foundation */,
				C6368BF626D6B04F0099A7D3 /* UIKit */,
				C6368BE426D6B0410099A7D3 /* AppDelegate.swift */,
				C6368BED26D6B0440099A7D3 /* Assets.xcassets */,
				C6368BEF26D6B0440099A7D3 /* LaunchScreen.storyboard */,
				C6368BF226D6B0440099A7D3 /* Info.plist */,
				4294C30126E07FCF00F2D97D /* MainEntranceViewController.swift */,
				4294C30326E0806500F2D97D /* CustomTransitionDemoViewController.swift */,
				4294C30D26E5EB7100F2D97D /* ImageWebCacheDemoViewController.swift */,
				4294C30F26E6469C00F2D97D /* ContentBrowserDemoViewController.swift */,
				429BB2E526E9FC6F00D3667C /* ThemeSwitchDemoViewController.swift */,
			);
			path = "CodeRecord-Swift";
			sourceTree = "<group>";
		};
		C6368BF626D6B04F0099A7D3 /* UIKit */ = {
			isa = PBXGroup;
			children = (
				429BB2E226E8BAB200D3667C /* Theme */,
				4294C30A26E5AD3F00F2D97D /* WebCacheImage */,
				4294C30726E1D17200F2D97D /* ContentBrowser */,
				C6368BFC26DA7FC40099A7D3 /* CustomTransition */,
				C6368BF726D6B0740099A7D3 /* XHBUIExtension.swift */,
			);
			path = UIKit;
			sourceTree = "<group>";
		};
		C6368BF926D6B5770099A7D3 /* Foundation */ = {
			isa = PBXGroup;
			children = (
				C6368BFA26D6B5940099A7D3 /* XHBFoundationExtension.swift */,
			);
			path = Foundation;
			sourceTree = "<group>";
		};
		C6368BFC26DA7FC40099A7D3 /* CustomTransition */ = {
			isa = PBXGroup;
			children = (
				C6368BFF26DA86640099A7D3 /* DirectionTransition */,
				C6368BFD26DA7FF00099A7D3 /* UIViewControllerCustomTransition.swift */,
			);
			path = CustomTransition;
			sourceTree = "<group>";
		};
		C6368BFF26DA86640099A7D3 /* DirectionTransition */ = {
			isa = PBXGroup;
			children = (
				C6368C0026DA86950099A7D3 /* XHBDirectionTransition.swift */,
			);
			path = DirectionTransition;
			sourceTree = "<group>";
		};
		C651AD7D24485767004E76A8 = {
			isa = PBXGroup;
			children = (
				C651AD8824485767004E76A8 /* CodeRecord */,
				C6368BE326D6B0410099A7D3 /* CodeRecord-Swift */,
				C651AD8724485767004E76A8 /* Products */,
			);
			sourceTree = "<group>";
		};
		C651AD8724485767004E76A8 /* Products */ = {
			isa = PBXGroup;
			children = (
				C651AD8624485767004E76A8 /* CodeRecord.app */,
				C6368BE226D6B0410099A7D3 /* CodeRecord-Swift.app */,
			);
			name = Products;
			sourceTree = "<group>";
		};
		C651AD8824485767004E76A8 /* CodeRecord */ = {
			isa = PBXGroup;
			children = (
				C651ADA324485954004E76A8 /* Foundation */,
				C651ADA224485884004E76A8 /* UIKit */,
				C651AD8924485767004E76A8 /* AppDelegate.h */,
				C651AD8A24485767004E76A8 /* AppDelegate.m */,
				C651AD8F24485767004E76A8 /* ViewController.h */,
				C651AD9024485767004E76A8 /* ViewController.m */,
				C651AD9224485767004E76A8 /* Main.storyboard */,
				C651AD952448576A004E76A8 /* Assets.xcassets */,
				C651AD972448576A004E76A8 /* LaunchScreen.storyboard */,
				C651AD9A2448576A004E76A8 /* Info.plist */,
				C651AD9B2448576A004E76A8 /* main.m */,
			);
			path = CodeRecord;
			sourceTree = "<group>";
		};
		C651ADA224485884004E76A8 /* UIKit */ = {
			isa = PBXGroup;
			children = (
				42A15D6E26EF824D009E51FA /* CustomTransitioning */,
				C6368BD026D028A00099A7D3 /* Theme */,
				C6368BC326D01EDE0099A7D3 /* UIColor+XHBColor.h */,
				C6368BC426D01EDE0099A7D3 /* UIColor+XHBColor.m */,
				C6368BC626D01F550099A7D3 /* UIImage+XHBImage.h */,
				C6368BC726D01F550099A7D3 /* UIImage+XHBImage.m */,
				C6368BC926D020C50099A7D3 /* UIResponder+XHBRepsonder.h */,
				C6368BCA26D020C50099A7D3 /* UIResponder+XHBRepsonder.m */,
				C6368BC026D01E0A0099A7D3 /* UIView+XHBBoxing.h */,
				C6368BC126D01E0A0099A7D3 /* UIView+XHBBoxing.m */,
				C6368BCD26D022990099A7D3 /* UIView+XHBFitSize.h */,
				C6368BCE26D022990099A7D3 /* UIView+XHBFitSize.m */,
				C6368BCC26D0219B0099A7D3 /* XHBUIKitHeaders.h */,
			);
			path = UIKit;
			sourceTree = "<group>";
		};
		C651ADA324485954004E76A8 /* Foundation */ = {
			isa = PBXGroup;
			children = (
				42A15D6B26EF255C009E51FA /* NSObject+XHBExtension.h */,
				42A15D6C26EF255C009E51FA /* NSObject+XHBExtension.m */,
			);
			path = Foundation;
			sourceTree = "<group>";
		};
/* End PBXGroup section */

/* Begin PBXNativeTarget section */
		C6368BE126D6B0410099A7D3 /* CodeRecord-Swift */ = {
			isa = PBXNativeTarget;
			buildConfigurationList = C6368BF326D6B0440099A7D3 /* Build configuration list for PBXNativeTarget "CodeRecord-Swift" */;
			buildPhases = (
				C6368BDE26D6B0410099A7D3 /* Sources */,
				C6368BDF26D6B0410099A7D3 /* Frameworks */,
				C6368BE026D6B0410099A7D3 /* Resources */,
			);
			buildRules = (
			);
			dependencies = (
			);
			name = "CodeRecord-Swift";
			productName = "CodeRecord-Swift";
			productReference = C6368BE226D6B0410099A7D3 /* CodeRecord-Swift.app */;
			productType = "com.apple.product-type.application";
		};
		C651AD8524485767004E76A8 /* CodeRecord */ = {
			isa = PBXNativeTarget;
			buildConfigurationList = C651AD9F2448576A004E76A8 /* Build configuration list for PBXNativeTarget "CodeRecord" */;
			buildPhases = (
				C651AD8224485767004E76A8 /* Sources */,
				C651AD8324485767004E76A8 /* Frameworks */,
				C651AD8424485767004E76A8 /* Resources */,
			);
			buildRules = (
			);
			dependencies = (
			);
			name = CodeRecord;
			productName = CodeRecord;
			productReference = C651AD8624485767004E76A8 /* CodeRecord.app */;
			productType = "com.apple.product-type.application";
		};
/* End PBXNativeTarget section */

/* Begin PBXProject section */
		C651AD7E24485767004E76A8 /* Project object */ = {
			isa = PBXProject;
			attributes = {
				LastSwiftUpdateCheck = 1250;
				LastUpgradeCheck = 1250;
				ORGANIZATIONNAME = "谢鸿标";
				TargetAttributes = {
					C6368BE126D6B0410099A7D3 = {
						CreatedOnToolsVersion = 12.5.1;
					};
					C651AD8524485767004E76A8 = {
						CreatedOnToolsVersion = 11.4.1;
					};
				};
			};
			buildConfigurationList = C651AD8124485767004E76A8 /* Build configuration list for PBXProject "CodeRecord" */;
			compatibilityVersion = "Xcode 9.3";
			developmentRegion = en;
			hasScannedForEncodings = 0;
			knownRegions = (
				en,
				Base,
			);
			mainGroup = C651AD7D24485767004E76A8;
			productRefGroup = C651AD8724485767004E76A8 /* Products */;
			projectDirPath = "";
			projectRoot = "";
			targets = (
				C651AD8524485767004E76A8 /* CodeRecord */,
				C6368BE126D6B0410099A7D3 /* CodeRecord-Swift */,
			);
		};
/* End PBXProject section */

/* Begin PBXResourcesBuildPhase section */
		C6368BE026D6B0410099A7D3 /* Resources */ = {
			isa = PBXResourcesBuildPhase;
			buildActionMask = 2147483647;
			files = (
				C6368BF126D6B0440099A7D3 /* LaunchScreen.storyboard in Resources */,
				C6368BEE26D6B0440099A7D3 /* Assets.xcassets in Resources */,
				4294C30626E0AAEA00F2D97D /* scene-speach.png in Resources */,
			);
			runOnlyForDeploymentPostprocessing = 0;
		};
		C651AD8424485767004E76A8 /* Resources */ = {
			isa = PBXResourcesBuildPhase;
			buildActionMask = 2147483647;
			files = (
				C651AD992448576A004E76A8 /* LaunchScreen.storyboard in Resources */,
				C651AD962448576A004E76A8 /* Assets.xcassets in Resources */,
				C651AD9424485767004E76A8 /* Main.storyboard in Resources */,
			);
			runOnlyForDeploymentPostprocessing = 0;
		};
/* End PBXResourcesBuildPhase section */

/* Begin PBXSourcesBuildPhase section */
		C6368BDE26D6B0410099A7D3 /* Sources */ = {
			isa = PBXSourcesBuildPhase;
			buildActionMask = 2147483647;
			files = (
				C6368C0126DA86950099A7D3 /* XHBDirectionTransition.swift in Sources */,
				C6368BF826D6B0740099A7D3 /* XHBUIExtension.swift in Sources */,
				C6368BE526D6B0410099A7D3 /* AppDelegate.swift in Sources */,
				4294C30C26E5AD6900F2D97D /* UIImageViewWebCache.swift in Sources */,
				429BB2E626E9FC6F00D3667C /* ThemeSwitchDemoViewController.swift in Sources */,
				C6368BFE26DA7FF00099A7D3 /* UIViewControllerCustomTransition.swift in Sources */,
				4294C30426E0806500F2D97D /* CustomTransitionDemoViewController.swift in Sources */,
				4294C30926E1D3B200F2D97D /* ContentBrowserView.swift in Sources */,
				4294C30E26E5EB7100F2D97D /* ImageWebCacheDemoViewController.swift in Sources */,
				C6368BFB26D6B5940099A7D3 /* XHBFoundationExtension.swift in Sources */,
				429BB2E426E8BAC300D3667C /* Theme.swift in Sources */,
				4294C31026E6469C00F2D97D /* ContentBrowserDemoViewController.swift in Sources */,
				4294C30226E07FCF00F2D97D /* MainEntranceViewController.swift in Sources */,
			);
			runOnlyForDeploymentPostprocessing = 0;
		};
		C651AD8224485767004E76A8 /* Sources */ = {
			isa = PBXSourcesBuildPhase;
			buildActionMask = 2147483647;
			files = (
				C6A5D8A426EBC36F00420BC1 /* XHBThemeAttribute.m in Sources */,
				C6368BD326D028B20099A7D3 /* UIView+XHBTheme.m in Sources */,
				42A15D6D26EF255C009E51FA /* NSObject+XHBExtension.m in Sources */,
				C6368BCF26D022990099A7D3 /* UIView+XHBFitSize.m in Sources */,
				42A15D7126EF82A6009E51FA /* XHBCustomTransitioning.m in Sources */,
				C6368BCB26D020C50099A7D3 /* UIResponder+XHBRepsonder.m in Sources */,
				C6368BC526D01EDE0099A7D3 /* UIColor+XHBColor.m in Sources */,
				C651AD9124485767004E76A8 /* ViewController.m in Sources */,
				42A15D7426F09A7D009E51FA /* XHBCustomModalDirectionTransitioningConfiguration.m in Sources */,
				C651AD8B24485767004E76A8 /* AppDelegate.m in Sources */,
				C6368BC226D01E0A0099A7D3 /* UIView+XHBBoxing.m in Sources */,
				C651AD9C2448576A004E76A8 /* main.m in Sources */,
				C6368BD926D0298B0099A7D3 /* XHBThemeManager.m in Sources */,
				C6368BC826D01F550099A7D3 /* UIImage+XHBImage.m in Sources */,
			);
			runOnlyForDeploymentPostprocessing = 0;
		};
/* End PBXSourcesBuildPhase section */

/* Begin PBXVariantGroup section */
		C6368BEF26D6B0440099A7D3 /* LaunchScreen.storyboard */ = {
			isa = PBXVariantGroup;
			children = (
				C6368BF026D6B0440099A7D3 /* Base */,
			);
			name = LaunchScreen.storyboard;
			sourceTree = "<group>";
		};
		C651AD9224485767004E76A8 /* Main.storyboard */ = {
			isa = PBXVariantGroup;
			children = (
				C651AD9324485767004E76A8 /* Base */,
			);
			name = Main.storyboard;
			sourceTree = "<group>";
		};
		C651AD972448576A004E76A8 /* LaunchScreen.storyboard */ = {
			isa = PBXVariantGroup;
			children = (
				C651AD982448576A004E76A8 /* Base */,
			);
			name = LaunchScreen.storyboard;
			sourceTree = "<group>";
		};
/* End PBXVariantGroup section */

/* Begin XCBuildConfiguration section */
		C6368BF426D6B0440099A7D3 /* Debug */ = {
			isa = XCBuildConfiguration;
			buildSettings = {
				ASSETCATALOG_COMPILER_APPICON_NAME = AppIcon;
				ASSETCATALOG_COMPILER_GLOBAL_ACCENT_COLOR_NAME = AccentColor;
				CODE_SIGN_STYLE = Automatic;
				DEVELOPMENT_TEAM = Y4K7BN45NN;
				INFOPLIST_FILE = "CodeRecord-Swift/Info.plist";
				IPHONEOS_DEPLOYMENT_TARGET = 13.0;
				LD_RUNPATH_SEARCH_PATHS = (
					"$(inherited)",
					"@executable_path/Frameworks",
				);
				OTHER_LDFLAGS = "-ObjC";
				PRODUCT_BUNDLE_IDENTIFIER = "XHB.CodeRecord-Swift";
				PRODUCT_NAME = "$(TARGET_NAME)";
				SWIFT_ACTIVE_COMPILATION_CONDITIONS = DEBUG;
				SWIFT_OPTIMIZATION_LEVEL = "-Onone";
				SWIFT_VERSION = 5.0;
				TARGETED_DEVICE_FAMILY = "1,2";
			};
			name = Debug;
		};
		C6368BF526D6B0440099A7D3 /* Release */ = {
			isa = XCBuildConfiguration;
			buildSettings = {
				ASSETCATALOG_COMPILER_APPICON_NAME = AppIcon;
				ASSETCATALOG_COMPILER_GLOBAL_ACCENT_COLOR_NAME = AccentColor;
				CODE_SIGN_STYLE = Automatic;
				DEVELOPMENT_TEAM = Y4K7BN45NN;
				INFOPLIST_FILE = "CodeRecord-Swift/Info.plist";
				IPHONEOS_DEPLOYMENT_TARGET = 13.0;
				LD_RUNPATH_SEARCH_PATHS = (
					"$(inherited)",
					"@executable_path/Frameworks",
				);
				OTHER_LDFLAGS = "-ObjC";
				PRODUCT_BUNDLE_IDENTIFIER = "XHB.CodeRecord-Swift";
				PRODUCT_NAME = "$(TARGET_NAME)";
				SWIFT_COMPILATION_MODE = wholemodule;
				SWIFT_OPTIMIZATION_LEVEL = "-O";
				SWIFT_VERSION = 5.0;
				TARGETED_DEVICE_FAMILY = "1,2";
			};
			name = Release;
		};
		C651AD9D2448576A004E76A8 /* Debug */ = {
			isa = XCBuildConfiguration;
			buildSettings = {
				ALWAYS_SEARCH_USER_PATHS = NO;
				CLANG_ANALYZER_NONNULL = YES;
				CLANG_ANALYZER_NUMBER_OBJECT_CONVERSION = YES_AGGRESSIVE;
				CLANG_CXX_LANGUAGE_STANDARD = "gnu++14";
				CLANG_CXX_LIBRARY = "libc++";
				CLANG_ENABLE_MODULES = YES;
				CLANG_ENABLE_OBJC_ARC = YES;
				CLANG_ENABLE_OBJC_WEAK = YES;
				CLANG_WARN_BLOCK_CAPTURE_AUTORELEASING = YES;
				CLANG_WARN_BOOL_CONVERSION = YES;
				CLANG_WARN_COMMA = YES;
				CLANG_WARN_CONSTANT_CONVERSION = YES;
				CLANG_WARN_DEPRECATED_OBJC_IMPLEMENTATIONS = YES;
				CLANG_WARN_DIRECT_OBJC_ISA_USAGE = YES_ERROR;
				CLANG_WARN_DOCUMENTATION_COMMENTS = YES;
				CLANG_WARN_EMPTY_BODY = YES;
				CLANG_WARN_ENUM_CONVERSION = YES;
				CLANG_WARN_INFINITE_RECURSION = YES;
				CLANG_WARN_INT_CONVERSION = YES;
				CLANG_WARN_NON_LITERAL_NULL_CONVERSION = YES;
				CLANG_WARN_OBJC_IMPLICIT_RETAIN_SELF = YES;
				CLANG_WARN_OBJC_LITERAL_CONVERSION = YES;
				CLANG_WARN_OBJC_ROOT_CLASS = YES_ERROR;
				CLANG_WARN_QUOTED_INCLUDE_IN_FRAMEWORK_HEADER = YES;
				CLANG_WARN_RANGE_LOOP_ANALYSIS = YES;
				CLANG_WARN_STRICT_PROTOTYPES = YES;
				CLANG_WARN_SUSPICIOUS_MOVE = YES;
				CLANG_WARN_UNGUARDED_AVAILABILITY = YES_AGGRESSIVE;
				CLANG_WARN_UNREACHABLE_CODE = YES;
				CLANG_WARN__DUPLICATE_METHOD_MATCH = YES;
				COPY_PHASE_STRIP = NO;
				DEBUG_INFORMATION_FORMAT = dwarf;
				ENABLE_STRICT_OBJC_MSGSEND = YES;
				ENABLE_TESTABILITY = YES;
				GCC_C_LANGUAGE_STANDARD = gnu11;
				GCC_DYNAMIC_NO_PIC = NO;
				GCC_NO_COMMON_BLOCKS = YES;
				GCC_OPTIMIZATION_LEVEL = 0;
				GCC_PREPROCESSOR_DEFINITIONS = (
					"DEBUG=1",
					"$(inherited)",
				);
				GCC_WARN_64_TO_32_BIT_CONVERSION = YES;
				GCC_WARN_ABOUT_RETURN_TYPE = YES_ERROR;
				GCC_WARN_UNDECLARED_SELECTOR = YES;
				GCC_WARN_UNINITIALIZED_AUTOS = YES_AGGRESSIVE;
				GCC_WARN_UNUSED_FUNCTION = YES;
				GCC_WARN_UNUSED_VARIABLE = YES;
				IPHONEOS_DEPLOYMENT_TARGET = 13.4;
				MTL_ENABLE_DEBUG_INFO = INCLUDE_SOURCE;
				MTL_FAST_MATH = YES;
				ONLY_ACTIVE_ARCH = YES;
				SDKROOT = iphoneos;
			};
			name = Debug;
		};
		C651AD9E2448576A004E76A8 /* Release */ = {
			isa = XCBuildConfiguration;
			buildSettings = {
				ALWAYS_SEARCH_USER_PATHS = NO;
				CLANG_ANALYZER_NONNULL = YES;
				CLANG_ANALYZER_NUMBER_OBJECT_CONVERSION = YES_AGGRESSIVE;
				CLANG_CXX_LANGUAGE_STANDARD = "gnu++14";
				CLANG_CXX_LIBRARY = "libc++";
				CLANG_ENABLE_MODULES = YES;
				CLANG_ENABLE_OBJC_ARC = YES;
				CLANG_ENABLE_OBJC_WEAK = YES;
				CLANG_WARN_BLOCK_CAPTURE_AUTORELEASING = YES;
				CLANG_WARN_BOOL_CONVERSION = YES;
				CLANG_WARN_COMMA = YES;
				CLANG_WARN_CONSTANT_CONVERSION = YES;
				CLANG_WARN_DEPRECATED_OBJC_IMPLEMENTATIONS = YES;
				CLANG_WARN_DIRECT_OBJC_ISA_USAGE = YES_ERROR;
				CLANG_WARN_DOCUMENTATION_COMMENTS = YES;
				CLANG_WARN_EMPTY_BODY = YES;
				CLANG_WARN_ENUM_CONVERSION = YES;
				CLANG_WARN_INFINITE_RECURSION = YES;
				CLANG_WARN_INT_CONVERSION = YES;
				CLANG_WARN_NON_LITERAL_NULL_CONVERSION = YES;
				CLANG_WARN_OBJC_IMPLICIT_RETAIN_SELF = YES;
				CLANG_WARN_OBJC_LITERAL_CONVERSION = YES;
				CLANG_WARN_OBJC_ROOT_CLASS = YES_ERROR;
				CLANG_WARN_QUOTED_INCLUDE_IN_FRAMEWORK_HEADER = YES;
				CLANG_WARN_RANGE_LOOP_ANALYSIS = YES;
				CLANG_WARN_STRICT_PROTOTYPES = YES;
				CLANG_WARN_SUSPICIOUS_MOVE = YES;
				CLANG_WARN_UNGUARDED_AVAILABILITY = YES_AGGRESSIVE;
				CLANG_WARN_UNREACHABLE_CODE = YES;
				CLANG_WARN__DUPLICATE_METHOD_MATCH = YES;
				COPY_PHASE_STRIP = NO;
				DEBUG_INFORMATION_FORMAT = "dwarf-with-dsym";
				ENABLE_NS_ASSERTIONS = NO;
				ENABLE_STRICT_OBJC_MSGSEND = YES;
				GCC_C_LANGUAGE_STANDARD = gnu11;
				GCC_NO_COMMON_BLOCKS = YES;
				GCC_WARN_64_TO_32_BIT_CONVERSION = YES;
				GCC_WARN_ABOUT_RETURN_TYPE = YES_ERROR;
				GCC_WARN_UNDECLARED_SELECTOR = YES;
				GCC_WARN_UNINITIALIZED_AUTOS = YES_AGGRESSIVE;
				GCC_WARN_UNUSED_FUNCTION = YES;
				GCC_WARN_UNUSED_VARIABLE = YES;
				IPHONEOS_DEPLOYMENT_TARGET = 13.4;
				MTL_ENABLE_DEBUG_INFO = NO;
				MTL_FAST_MATH = YES;
				SDKROOT = iphoneos;
				VALIDATE_PRODUCT = YES;
			};
			name = Release;
		};
		C651ADA02448576A004E76A8 /* Debug */ = {
			isa = XCBuildConfiguration;
			buildSettings = {
				ASSETCATALOG_COMPILER_APPICON_NAME = AppIcon;
				CODE_SIGN_STYLE = Automatic;
				DEVELOPMENT_TEAM = Y4K7BN45NN;
				INFOPLIST_FILE = CodeRecord/Info.plist;
				IPHONEOS_DEPLOYMENT_TARGET = 12.0;
				LD_RUNPATH_SEARCH_PATHS = (
					"$(inherited)",
					"@executable_path/Frameworks",
				);
				PRODUCT_BUNDLE_IDENTIFIER = XHB.CodeRecord;
				PRODUCT_NAME = "$(TARGET_NAME)";
				TARGETED_DEVICE_FAMILY = "1,2";
			};
			name = Debug;
		};
		C651ADA12448576A004E76A8 /* Release */ = {
			isa = XCBuildConfiguration;
			buildSettings = {
				ASSETCATALOG_COMPILER_APPICON_NAME = AppIcon;
				CODE_SIGN_STYLE = Automatic;
				DEVELOPMENT_TEAM = Y4K7BN45NN;
				INFOPLIST_FILE = CodeRecord/Info.plist;
				IPHONEOS_DEPLOYMENT_TARGET = 12.0;
				LD_RUNPATH_SEARCH_PATHS = (
					"$(inherited)",
					"@executable_path/Frameworks",
				);
				PRODUCT_BUNDLE_IDENTIFIER = XHB.CodeRecord;
				PRODUCT_NAME = "$(TARGET_NAME)";
				TARGETED_DEVICE_FAMILY = "1,2";
			};
			name = Release;
		};
/* End XCBuildConfiguration section */

/* Begin XCConfigurationList section */
		C6368BF326D6B0440099A7D3 /* Build configuration list for PBXNativeTarget "CodeRecord-Swift" */ = {
			isa = XCConfigurationList;
			buildConfigurations = (
				C6368BF426D6B0440099A7D3 /* Debug */,
				C6368BF526D6B0440099A7D3 /* Release */,
			);
			defaultConfigurationIsVisible = 0;
			defaultConfigurationName = Release;
		};
		C651AD8124485767004E76A8 /* Build configuration list for PBXProject "CodeRecord" */ = {
			isa = XCConfigurationList;
			buildConfigurations = (
				C651AD9D2448576A004E76A8 /* Debug */,
				C651AD9E2448576A004E76A8 /* Release */,
			);
			defaultConfigurationIsVisible = 0;
			defaultConfigurationName = Release;
		};
		C651AD9F2448576A004E76A8 /* Build configuration list for PBXNativeTarget "CodeRecord" */ = {
			isa = XCConfigurationList;
			buildConfigurations = (
				C651ADA02448576A004E76A8 /* Debug */,
				C651ADA12448576A004E76A8 /* Release */,
			);
			defaultConfigurationIsVisible = 0;
			defaultConfigurationName = Release;
		};
/* End XCConfigurationList section */
	};
	rootObject = C651AD7E24485767004E76A8 /* Project object */;
}
